
Microsoft Visual Studio Solution File, Format Version 12.00
# Visual Studio Version 17
VisualStudioVersion = 17.14.36511.14 d17.14
MinimumVisualStudioVersion = 10.0.40219.1
Project("{FAE04EC0-301F-11D3-BF4B-00C04F79EFBC}") = "KutuphaneOtomasyonu", "KutuphaneOtomasyonu\KutuphaneOtomasyonu.csproj", "{35486BEC-6AD3-4B7E-B06D-B0D7325E8039}"
EndProject
Global
	GlobalSection(SolutionConfigurationPlatforms) = preSolution
		Debug|Any CPU = Debug|Any CPU
		Release|Any CPU = Release|Any CPU
	EndGlobalSection
	GlobalSection(ProjectConfigurationPlatforms) = postSolution
		{35486BEC-6AD3-4B7E-B06D-B0D7325E8039}.Debug|Any CPU.ActiveCfg = Debug|Any CPU
		{35486BEC-6AD3-4B7E-B06D-B0D7325E8039}.Debug|Any CPU.Build.0 = Debug|Any CPU
		{35486BEC-6AD3-4B7E-B06D-B0D7325E8039}.Release|Any CPU.ActiveCfg = Release|Any CPU
		{35486BEC-6AD3-4B7E-B06D-B0D7325E8039}.Release|Any CPU.Build.0 = Release|Any CPU
	EndGlobalSection
	GlobalSection(SolutionProperties) = preSolution
		HideSolutionNode = FALSE
	EndGlobalSection
	GlobalSection(ExtensibilityGlobals) = postSolution
		SolutionGuid = {BE3EFE97-0ACF-4D3E-8A3D-D4FAD5756467}
	EndGlobalSection
EndGlobal
